
Microsoft Visual Studio Solution File, Format Version 12.00
# Visual Studio Version 17
VisualStudioVersion = 17.3.32922.545
MinimumVisualStudioVersion = 10.0.40219.1
Project("{FAE04EC0-301F-11D3-BF4B-00C04F79EFBC}") = "LoggerLibrary", "LoggerLibrary\LoggerLibrary.csproj", "{FD2B3F9A-B08D-47D5-B94D-A4F9082683A4}"
EndProject
Project("{FAE04EC0-301F-11D3-BF4B-00C04F79EFBC}") = "CallLogger", "CallLogger\CallLogger.csproj", "{B4376C3E-4AE2-43A8-B209-D477779D2169}"
EndProject
Global
	GlobalSection(SolutionConfigurationPlatforms) = preSolution
		Debug|Any CPU = Debug|Any CPU
		Release|Any CPU = Release|Any CPU
	EndGlobalSection
	GlobalSection(ProjectConfigurationPlatforms) = postSolution
		{FD2B3F9A-B08D-47D5-B94D-A4F9082683A4}.Debug|Any CPU.ActiveCfg = Debug|Any CPU
		{FD2B3F9A-B08D-47D5-B94D-A4F9082683A4}.Debug|Any CPU.Build.0 = Debug|Any CPU
		{FD2B3F9A-B08D-47D5-B94D-A4F9082683A4}.Release|Any CPU.ActiveCfg = Release|Any CPU
		{FD2B3F9A-B08D-47D5-B94D-A4F9082683A4}.Release|Any CPU.Build.0 = Release|Any CPU
		{B4376C3E-4AE2-43A8-B209-D477779D2169}.Debug|Any CPU.ActiveCfg = Debug|Any CPU
		{B4376C3E-4AE2-43A8-B209-D477779D2169}.Debug|Any CPU.Build.0 = Debug|Any CPU
		{B4376C3E-4AE2-43A8-B209-D477779D2169}.Release|Any CPU.ActiveCfg = Release|Any CPU
		{B4376C3E-4AE2-43A8-B209-D477779D2169}.Release|Any CPU.Build.0 = Release|Any CPU
	EndGlobalSection
	GlobalSection(SolutionProperties) = preSolution
		HideSolutionNode = FALSE
	EndGlobalSection
	GlobalSection(ExtensibilityGlobals) = postSolution
		SolutionGuid = {ABC2BF0E-56E2-4168-ACD1-D69A5A023A2A}
	EndGlobalSection
EndGlobal
